
Microsoft Visual Studio Solution File, Format Version 12.00
# Visual Studio Version 16
VisualStudioVersion = 16.0.30611.23
MinimumVisualStudioVersion = 10.0.40219.1
Project("{FAE04EC0-301F-11D3-BF4B-00C04F79EFBC}") = "Section11_146", "Section11_146\Section11_146.csproj", "{084CBB92-2691-4FD9-B59B-98E674799DD8}"
EndProject
Global
	GlobalSection(SolutionConfigurationPlatforms) = preSolution
		Debug|Any CPU = Debug|Any CPU
		Release|Any CPU = Release|Any CPU
	EndGlobalSection
	GlobalSection(ProjectConfigurationPlatforms) = postSolution
		{084CBB92-2691-4FD9-B59B-98E674799DD8}.Debug|Any CPU.ActiveCfg = Debug|Any CPU
		{084CBB92-2691-4FD9-B59B-98E674799DD8}.Debug|Any CPU.Build.0 = Debug|Any CPU
		{084CBB92-2691-4FD9-B59B-98E674799DD8}.Release|Any CPU.ActiveCfg = Release|Any CPU
		{084CBB92-2691-4FD9-B59B-98E674799DD8}.Release|Any CPU.Build.0 = Release|Any CPU
	EndGlobalSection
	GlobalSection(SolutionProperties) = preSolution
		HideSolutionNode = FALSE
	EndGlobalSection
	GlobalSection(ExtensibilityGlobals) = postSolution
		SolutionGuid = {00073BFD-2D4E-4BCB-8B48-E6A6236B4731}
	EndGlobalSection
EndGlobal
